
Microsoft Visual Studio Solution File, Format Version 12.00
# Visual Studio 2015
Project("{FAE04EC0-301F-11D3-BF4B-00C04F79EFBC}") = "Shoot the Ball", "Shoot the Ball.csproj", "{191ABEF9-0E1D-142C-7785-661E5C13AA6B}"
EndProject
Global
	GlobalSection(SolutionConfigurationPlatforms) = preSolution
		Debug|Any CPU = Debug|Any CPU
		Release|Any CPU = Release|Any CPU
	EndGlobalSection
	GlobalSection(ProjectConfigurationPlatforms) = postSolution
		{191ABEF9-0E1D-142C-7785-661E5C13AA6B}.Debug|Any CPU.ActiveCfg = Debug|Any CPU
		{191ABEF9-0E1D-142C-7785-661E5C13AA6B}.Debug|Any CPU.Build.0 = Debug|Any CPU
		{191ABEF9-0E1D-142C-7785-661E5C13AA6B}.Release|Any CPU.ActiveCfg = Release|Any CPU
		{191ABEF9-0E1D-142C-7785-661E5C13AA6B}.Release|Any CPU.Build.0 = Release|Any CPU
	EndGlobalSection
	GlobalSection(SolutionProperties) = preSolution
		HideSolutionNode = FALSE
	EndGlobalSection
EndGlobal
